# THIS IS AN AUTOGENERATED FILE. DO NOT EDIT THIS FILE DIRECTLY.
# yarn lockfile v1


bytes@2.4.0:
  version "2.4.0"
  resolved "https://registry.yarnpkg.com/bytes/-/bytes-2.4.0.tgz#7d97196f9d5baf7f6935e25985549edd2a6c2339"

flyd@^0.2.4:
  version "0.2.4"
  resolved "https://registry.yarnpkg.com/flyd/-/flyd-0.2.4.tgz#0414c837c34fae69b1277752cf004382effb9900"
  dependencies:
    ramda "^0.19.1"

folktale@^2.0.0-alpha3:
  version "2.0.0-alpha3"
  resolved "https://registry.yarnpkg.com/folktale/-/folktale-2.0.0-alpha3.tgz#45f51feb486f00aa3d1d6f0f51eb45406c344899"

iconv-lite@0.4.15:
  version "0.4.15"
  resolved "https://registry.yarnpkg.com/iconv-lite/-/iconv-lite-0.4.15.tgz#fe265a218ac6a57cfe854927e9d04c19825eddeb"

ramda@^0.19.1:
  version "0.19.1"
  resolved "https://registry.yarnpkg.com/ramda/-/ramda-0.19.1.tgz#89c4ad697265ff6b1face9f286439e2520d6679c"

raw-body@^2.2.0:
  version "2.2.0"
  resolved "https://registry.yarnpkg.com/raw-body/-/raw-body-2.2.0.tgz#994976cf6a5096a41162840492f0bdc5d6e7fb96"
  dependencies:
    bytes "2.4.0"
    iconv-lite "0.4.15"
    unpipe "1.0.0"

unpipe@1.0.0:
  version "1.0.0"
  resolved "https://registry.yarnpkg.com/unpipe/-/unpipe-1.0.0.tgz#b2bf4ee8514aae6165b4817829d21b2ef49904ec"
